
Microsoft Visual Studio Solution File, Format Version 12.00
# Visual Studio Version 16
VisualStudioVersion = 16.0.30804.86
MinimumVisualStudioVersion = 10.0.40219.1
Project("{FAE04EC0-301F-11D3-BF4B-00C04F79EFBC}") = "cursocsharp", "cursocsharp\cursocsharp.csproj", "{6D44D863-25BB-475C-99EC-CA57522D34E5}"
EndProject
Project("{FAE04EC0-301F-11D3-BF4B-00C04F79EFBC}") = "2criandovariaveis", "2criandovariaveis\2criandovariaveis.csproj", "{DC491ADD-D8E9-498A-A182-FA9DC7D98D6C}"
EndProject
Project("{FAE04EC0-301F-11D3-BF4B-00C04F79EFBC}") = "3criandoFlutuantes", "3criandoFlutuantes\3criandoFlutuantes.csproj", "{D152657B-0F3D-4E6C-8530-B29DF3F8CFBA}"
EndProject
Project("{FAE04EC0-301F-11D3-BF4B-00C04F79EFBC}") = "4-console", "4-console\4-console.csproj", "{E3847AF2-B07A-4B41-98FF-37BA6786BFFA}"
EndProject
Project("{FAE04EC0-301F-11D3-BF4B-00C04F79EFBC}") = "5-caracter", "5-caracter\5-caracter.csproj", "{2E7E7577-DCD0-4322-98B0-813B2DAABD8D}"
EndProject
Project("{FAE04EC0-301F-11D3-BF4B-00C04F79EFBC}") = "6-atribuicoes", "6-atribuicoes\6-atribuicoes.csproj", "{048D9236-4C5D-479B-A425-CC5AA6384ADB}"
EndProject
Project("{FAE04EC0-301F-11D3-BF4B-00C04F79EFBC}") = "7-condicionais", "7-condicionais\7-condicionais.csproj", "{162BECE9-A447-43DE-A5D5-E5413AB37406}"
EndProject
Project("{FAE04EC0-301F-11D3-BF4B-00C04F79EFBC}") = "8-condicionais2", "8-condicionais2\8-condicionais2.csproj", "{91CF72A4-77A4-40B6-A460-2EE4000C0AE0}"
EndProject
Project("{FAE04EC0-301F-11D3-BF4B-00C04F79EFBC}") = "9-solucoes", "9-solucoes\9-solucoes.csproj", "{C8F9E075-E562-496B-B8E4-7980CEA301E5}"
EndProject
Project("{FAE04EC0-301F-11D3-BF4B-00C04F79EFBC}") = "1Atividade", "1Atividade\1Atividade.csproj", "{F833D5F0-42FF-494D-9ED6-208F6154E566}"
EndProject
Project("{FAE04EC0-301F-11D3-BF4B-00C04F79EFBC}") = "2Atividade", "2Atividade\2Atividade.csproj", "{5B60F501-E96B-48CB-B936-9D735CD5CAAA}"
EndProject
Project("{FAE04EC0-301F-11D3-BF4B-00C04F79EFBC}") = "3atividade", "3atividade\3atividade.csproj", "{6D2D48A7-7903-4395-8483-F87722EB40EA}"
EndProject
Project("{FAE04EC0-301F-11D3-BF4B-00C04F79EFBC}") = "4Atividade", "4Atividade\4Atividade.csproj", "{4C9E727D-B526-4A00-8D61-567C66DDE916}"
EndProject
Project("{FAE04EC0-301F-11D3-BF4B-00C04F79EFBC}") = "P10-Calculapolpanca", "P10-Calculapolpanca\P10-Calculapolpanca.csproj", "{3CF6C48C-3B3B-47FD-B049-12596DF8FAC2}"
EndProject
Project("{FAE04EC0-301F-11D3-BF4B-00C04F79EFBC}") = "P12-Lacoderepeticao", "P12-Lacoderepeticao\P12-Lacoderepeticao.csproj", "{D301C0E0-3979-42E2-A226-E8E334E3EC9D}"
EndProject
Project("{FAE04EC0-301F-11D3-BF4B-00C04F79EFBC}") = "P12-CalculaInvestimento", "P12-CalculaInvestimento\P12-CalculaInvestimento.csproj", "{1C4FEEA7-DD73-486F-944A-2192969AC8C2}"
EndProject
Project("{FAE04EC0-301F-11D3-BF4B-00C04F79EFBC}") = "5Atividade", "5Atividade\5Atividade.csproj", "{3FF54A8C-A0A2-4EA8-9AA4-EA92867FE1B9}"
EndProject
Project("{FAE04EC0-301F-11D3-BF4B-00C04F79EFBC}") = "P13Consoleconta", "P13Consoleconta\P13Consoleconta.csproj", "{636DE44D-7A76-47D2-9E3F-153306BC4D60}"
EndProject
Project("{FAE04EC0-301F-11D3-BF4B-00C04F79EFBC}") = "6Atividade", "6Atividade\6Atividade.csproj", "{1DDE333B-16F1-4913-8EAA-9C1CC965251D}"
EndProject
Project("{FAE04EC0-301F-11D3-BF4B-00C04F79EFBC}") = "7Atividade", "7Atividade\7Atividade.csproj", "{9C4F5B6B-F17C-4E66-9063-610A84F2BBDB}"
EndProject
Project("{FAE04EC0-301F-11D3-BF4B-00C04F79EFBC}") = "8Atividade", "8Atividade\8Atividade.csproj", "{746FB1B7-0B0B-412E-82C3-ACAF65F68A08}"
EndProject
Global
	GlobalSection(SolutionConfigurationPlatforms) = preSolution
		Debug|Any CPU = Debug|Any CPU
		Release|Any CPU = Release|Any CPU
	EndGlobalSection
	GlobalSection(ProjectConfigurationPlatforms) = postSolution
		{6D44D863-25BB-475C-99EC-CA57522D34E5}.Debug|Any CPU.ActiveCfg = Debug|Any CPU
		{6D44D863-25BB-475C-99EC-CA57522D34E5}.Debug|Any CPU.Build.0 = Debug|Any CPU
		{6D44D863-25BB-475C-99EC-CA57522D34E5}.Release|Any CPU.ActiveCfg = Release|Any CPU
		{6D44D863-25BB-475C-99EC-CA57522D34E5}.Release|Any CPU.Build.0 = Release|Any CPU
		{DC491ADD-D8E9-498A-A182-FA9DC7D98D6C}.Debug|Any CPU.ActiveCfg = Debug|Any CPU
		{DC491ADD-D8E9-498A-A182-FA9DC7D98D6C}.Debug|Any CPU.Build.0 = Debug|Any CPU
		{DC491ADD-D8E9-498A-A182-FA9DC7D98D6C}.Release|Any CPU.ActiveCfg = Release|Any CPU
		{DC491ADD-D8E9-498A-A182-FA9DC7D98D6C}.Release|Any CPU.Build.0 = Release|Any CPU
		{D152657B-0F3D-4E6C-8530-B29DF3F8CFBA}.Debug|Any CPU.ActiveCfg = Debug|Any CPU
		{D152657B-0F3D-4E6C-8530-B29DF3F8CFBA}.Debug|Any CPU.Build.0 = Debug|Any CPU
		{D152657B-0F3D-4E6C-8530-B29DF3F8CFBA}.Release|Any CPU.ActiveCfg = Release|Any CPU
		{D152657B-0F3D-4E6C-8530-B29DF3F8CFBA}.Release|Any CPU.Build.0 = Release|Any CPU
		{E3847AF2-B07A-4B41-98FF-37BA6786BFFA}.Debug|Any CPU.ActiveCfg = Debug|Any CPU
		{E3847AF2-B07A-4B41-98FF-37BA6786BFFA}.Debug|Any CPU.Build.0 = Debug|Any CPU
		{E3847AF2-B07A-4B41-98FF-37BA6786BFFA}.Release|Any CPU.ActiveCfg = Release|Any CPU
		{E3847AF2-B07A-4B41-98FF-37BA6786BFFA}.Release|Any CPU.Build.0 = Release|Any CPU
		{2E7E7577-DCD0-4322-98B0-813B2DAABD8D}.Debug|Any CPU.ActiveCfg = Debug|Any CPU
		{2E7E7577-DCD0-4322-98B0-813B2DAABD8D}.Debug|Any CPU.Build.0 = Debug|Any CPU
		{2E7E7577-DCD0-4322-98B0-813B2DAABD8D}.Release|Any CPU.ActiveCfg = Release|Any CPU
		{2E7E7577-DCD0-4322-98B0-813B2DAABD8D}.Release|Any CPU.Build.0 = Release|Any CPU
		{048D9236-4C5D-479B-A425-CC5AA6384ADB}.Debug|Any CPU.ActiveCfg = Debug|Any CPU
		{048D9236-4C5D-479B-A425-CC5AA6384ADB}.Debug|Any CPU.Build.0 = Debug|Any CPU
		{048D9236-4C5D-479B-A425-CC5AA6384ADB}.Release|Any CPU.ActiveCfg = Release|Any CPU
		{048D9236-4C5D-479B-A425-CC5AA6384ADB}.Release|Any CPU.Build.0 = Release|Any CPU
		{162BECE9-A447-43DE-A5D5-E5413AB37406}.Debug|Any CPU.ActiveCfg = Debug|Any CPU
		{162BECE9-A447-43DE-A5D5-E5413AB37406}.Debug|Any CPU.Build.0 = Debug|Any CPU
		{162BECE9-A447-43DE-A5D5-E5413AB37406}.Release|Any CPU.ActiveCfg = Release|Any CPU
		{162BECE9-A447-43DE-A5D5-E5413AB37406}.Release|Any CPU.Build.0 = Release|Any CPU
		{91CF72A4-77A4-40B6-A460-2EE4000C0AE0}.Debug|Any CPU.ActiveCfg = Debug|Any CPU
		{91CF72A4-77A4-40B6-A460-2EE4000C0AE0}.Debug|Any CPU.Build.0 = Debug|Any CPU
		{91CF72A4-77A4-40B6-A460-2EE4000C0AE0}.Release|Any CPU.ActiveCfg = Release|Any CPU
		{91CF72A4-77A4-40B6-A460-2EE4000C0AE0}.Release|Any CPU.Build.0 = Release|Any CPU
		{C8F9E075-E562-496B-B8E4-7980CEA301E5}.Debug|Any CPU.ActiveCfg = Debug|Any CPU
		{C8F9E075-E562-496B-B8E4-7980CEA301E5}.Debug|Any CPU.Build.0 = Debug|Any CPU
		{C8F9E075-E562-496B-B8E4-7980CEA301E5}.Release|Any CPU.ActiveCfg = Release|Any CPU
		{C8F9E075-E562-496B-B8E4-7980CEA301E5}.Release|Any CPU.Build.0 = Release|Any CPU
		{F833D5F0-42FF-494D-9ED6-208F6154E566}.Debug|Any CPU.ActiveCfg = Debug|Any CPU
		{F833D5F0-42FF-494D-9ED6-208F6154E566}.Debug|Any CPU.Build.0 = Debug|Any CPU
		{F833D5F0-42FF-494D-9ED6-208F6154E566}.Release|Any CPU.ActiveCfg = Release|Any CPU
		{F833D5F0-42FF-494D-9ED6-208F6154E566}.Release|Any CPU.Build.0 = Release|Any CPU
		{5B60F501-E96B-48CB-B936-9D735CD5CAAA}.Debug|Any CPU.ActiveCfg = Debug|Any CPU
		{5B60F501-E96B-48CB-B936-9D735CD5CAAA}.Debug|Any CPU.Build.0 = Debug|Any CPU
		{5B60F501-E96B-48CB-B936-9D735CD5CAAA}.Release|Any CPU.ActiveCfg = Release|Any CPU
		{5B60F501-E96B-48CB-B936-9D735CD5CAAA}.Release|Any CPU.Build.0 = Release|Any CPU
		{6D2D48A7-7903-4395-8483-F87722EB40EA}.Debug|Any CPU.ActiveCfg = Debug|Any CPU
		{6D2D48A7-7903-4395-8483-F87722EB40EA}.Debug|Any CPU.Build.0 = Debug|Any CPU
		{6D2D48A7-7903-4395-8483-F87722EB40EA}.Release|Any CPU.ActiveCfg = Release|Any CPU
		{6D2D48A7-7903-4395-8483-F87722EB40EA}.Release|Any CPU.Build.0 = Release|Any CPU
		{4C9E727D-B526-4A00-8D61-567C66DDE916}.Debug|Any CPU.ActiveCfg = Debug|Any CPU
		{4C9E727D-B526-4A00-8D61-567C66DDE916}.Debug|Any CPU.Build.0 = Debug|Any CPU
		{4C9E727D-B526-4A00-8D61-567C66DDE916}.Release|Any CPU.ActiveCfg = Release|Any CPU
		{4C9E727D-B526-4A00-8D61-567C66DDE916}.Release|Any CPU.Build.0 = Release|Any CPU
		{3CF6C48C-3B3B-47FD-B049-12596DF8FAC2}.Debug|Any CPU.ActiveCfg = Debug|Any CPU
		{3CF6C48C-3B3B-47FD-B049-12596DF8FAC2}.Debug|Any CPU.Build.0 = Debug|Any CPU
		{3CF6C48C-3B3B-47FD-B049-12596DF8FAC2}.Release|Any CPU.ActiveCfg = Release|Any CPU
		{3CF6C48C-3B3B-47FD-B049-12596DF8FAC2}.Release|Any CPU.Build.0 = Release|Any CPU
		{D301C0E0-3979-42E2-A226-E8E334E3EC9D}.Debug|Any CPU.ActiveCfg = Debug|Any CPU
		{D301C0E0-3979-42E2-A226-E8E334E3EC9D}.Debug|Any CPU.Build.0 = Debug|Any CPU
		{D301C0E0-3979-42E2-A226-E8E334E3EC9D}.Release|Any CPU.ActiveCfg = Release|Any CPU
		{D301C0E0-3979-42E2-A226-E8E334E3EC9D}.Release|Any CPU.Build.0 = Release|Any CPU
		{1C4FEEA7-DD73-486F-944A-2192969AC8C2}.Debug|Any CPU.ActiveCfg = Debug|Any CPU
		{1C4FEEA7-DD73-486F-944A-2192969AC8C2}.Debug|Any CPU.Build.0 = Debug|Any CPU
		{1C4FEEA7-DD73-486F-944A-2192969AC8C2}.Release|Any CPU.ActiveCfg = Release|Any CPU
		{1C4FEEA7-DD73-486F-944A-2192969AC8C2}.Release|Any CPU.Build.0 = Release|Any CPU
		{3FF54A8C-A0A2-4EA8-9AA4-EA92867FE1B9}.Debug|Any CPU.ActiveCfg = Debug|Any CPU
		{3FF54A8C-A0A2-4EA8-9AA4-EA92867FE1B9}.Debug|Any CPU.Build.0 = Debug|Any CPU
		{3FF54A8C-A0A2-4EA8-9AA4-EA92867FE1B9}.Release|Any CPU.ActiveCfg = Release|Any CPU
		{3FF54A8C-A0A2-4EA8-9AA4-EA92867FE1B9}.Release|Any CPU.Build.0 = Release|Any CPU
		{636DE44D-7A76-47D2-9E3F-153306BC4D60}.Debug|Any CPU.ActiveCfg = Debug|Any CPU
		{636DE44D-7A76-47D2-9E3F-153306BC4D60}.Debug|Any CPU.Build.0 = Debug|Any CPU
		{636DE44D-7A76-47D2-9E3F-153306BC4D60}.Release|Any CPU.ActiveCfg = Release|Any CPU
		{636DE44D-7A76-47D2-9E3F-153306BC4D60}.Release|Any CPU.Build.0 = Release|Any CPU
		{1DDE333B-16F1-4913-8EAA-9C1CC965251D}.Debug|Any CPU.ActiveCfg = Debug|Any CPU
		{1DDE333B-16F1-4913-8EAA-9C1CC965251D}.Debug|Any CPU.Build.0 = Debug|Any CPU
		{1DDE333B-16F1-4913-8EAA-9C1CC965251D}.Release|Any CPU.ActiveCfg = Release|Any CPU
		{1DDE333B-16F1-4913-8EAA-9C1CC965251D}.Release|Any CPU.Build.0 = Release|Any CPU
		{9C4F5B6B-F17C-4E66-9063-610A84F2BBDB}.Debug|Any CPU.ActiveCfg = Debug|Any CPU
		{9C4F5B6B-F17C-4E66-9063-610A84F2BBDB}.Debug|Any CPU.Build.0 = Debug|Any CPU
		{9C4F5B6B-F17C-4E66-9063-610A84F2BBDB}.Release|Any CPU.ActiveCfg = Release|Any CPU
		{9C4F5B6B-F17C-4E66-9063-610A84F2BBDB}.Release|Any CPU.Build.0 = Release|Any CPU
		{746FB1B7-0B0B-412E-82C3-ACAF65F68A08}.Debug|Any CPU.ActiveCfg = Debug|Any CPU
		{746FB1B7-0B0B-412E-82C3-ACAF65F68A08}.Debug|Any CPU.Build.0 = Debug|Any CPU
		{746FB1B7-0B0B-412E-82C3-ACAF65F68A08}.Release|Any CPU.ActiveCfg = Release|Any CPU
		{746FB1B7-0B0B-412E-82C3-ACAF65F68A08}.Release|Any CPU.Build.0 = Release|Any CPU
	EndGlobalSection
	GlobalSection(SolutionProperties) = preSolution
		HideSolutionNode = FALSE
	EndGlobalSection
	GlobalSection(ExtensibilityGlobals) = postSolution
		SolutionGuid = {2EFDA254-BECB-447D-930F-CC531B358887}
	EndGlobalSection
EndGlobal
